
Microsoft Visual Studio Solution File, Format Version 12.00
# Visual Studio Version 17
VisualStudioVersion = 17.6.33617.297
MinimumVisualStudioVersion = 10.0.40219.1
Project("{F184B08F-C81C-45F6-A57F-5ABD9991F28F}") = "EmployeeManagement - VB", "EmployeeManagement - VB\EmployeeManagement - VB.vbproj", "{A9E5823E-5679-4304-8991-71555648DF87}"
EndProject
Global
	GlobalSection(SolutionConfigurationPlatforms) = preSolution
		Debug|Any CPU = Debug|Any CPU
		Release|Any CPU = Release|Any CPU
	EndGlobalSection
	GlobalSection(ProjectConfigurationPlatforms) = postSolution
		{A9E5823E-5679-4304-8991-71555648DF87}.Debug|Any CPU.ActiveCfg = Debug|Any CPU
		{A9E5823E-5679-4304-8991-71555648DF87}.Debug|Any CPU.Build.0 = Debug|Any CPU
		{A9E5823E-5679-4304-8991-71555648DF87}.Release|Any CPU.ActiveCfg = Release|Any CPU
		{A9E5823E-5679-4304-8991-71555648DF87}.Release|Any CPU.Build.0 = Release|Any CPU
	EndGlobalSection
	GlobalSection(SolutionProperties) = preSolution
		HideSolutionNode = FALSE
	EndGlobalSection
	GlobalSection(ExtensibilityGlobals) = postSolution
		SolutionGuid = {B7D7327C-6A99-4AED-AAAA-3EEB9240D0CF}
	EndGlobalSection
EndGlobal
